// !$*UTF8*$!
{
	archiveVersion = 1;
	classes = {
	};
	objectVersion = 46;
	objects = {

/* Begin PBXBuildFile section */
		33E970AE19E4BCFF00F9CB43 /* AppDelegate.swift in Sources */ = {isa = PBXBuildFile; fileRef = 33E970AD19E4BCFF00F9CB43 /* AppDelegate.swift */; };
		33E970B019E4BCFF00F9CB43 /* ViewController.swift in Sources */ = {isa = PBXBuildFile; fileRef = 33E970AF19E4BCFF00F9CB43 /* ViewController.swift */; };
		33E970B319E4BCFF00F9CB43 /* Main.storyboard in Resources */ = {isa = PBXBuildFile; fileRef = 33E970B119E4BCFF00F9CB43 /* Main.storyboard */; };
		33E970B519E4BCFF00F9CB43 /* Images.xcassets in Resources */ = {isa = PBXBuildFile; fileRef = 33E970B419E4BCFF00F9CB43 /* Images.xcassets */; };
		33E970B819E4BCFF00F9CB43 /* LaunchScreen.xib in Resources */ = {isa = PBXBuildFile; fileRef = 33E970B619E4BCFF00F9CB43 /* LaunchScreen.xib */; };
		33E970C419E4BCFF00F9CB43 /* SwiftMapControlsProgTests.swift in Sources */ = {isa = PBXBuildFile; fileRef = 33E970C319E4BCFF00F9CB43 /* SwiftMapControlsProgTests.swift */; };
/* End PBXBuildFile section */

/* Begin PBXContainerItemProxy section */
		33E970BE19E4BCFF00F9CB43 /* PBXContainerItemProxy */ = {
			isa = PBXContainerItemProxy;
			containerPortal = 33E970A019E4BCFF00F9CB43 /* Project object */;
			proxyType = 1;
			remoteGlobalIDString = 33E970A719E4BCFF00F9CB43;
			remoteInfo = SwiftMapControlsProg;
		};
/* End PBXContainerItemProxy section */

/* Begin PBXFileReference section */
		33E970A819E4BCFF00F9CB43 /* SwiftMapControlsProg.app */ = {isa = PBXFileReference; explicitFileType = wrapper.application; includeInIndex = 0; path = SwiftMapControlsProg.app; sourceTree = BUILT_PRODUCTS_DIR; };
		33E970AC19E4BCFF00F9CB43 /* Info.plist */ = {isa = PBXFileReference; lastKnownFileType = text.plist.xml; path = Info.plist; sourceTree = "<group>"; };
		33E970AD19E4BCFF00F9CB43 /* AppDelegate.swift */ = {isa = PBXFileReference; lastKnownFileType = sourcecode.swift; path = AppDelegate.swift; sourceTree = "<group>"; };
		33E970AF19E4BCFF00F9CB43 /* ViewController.swift */ = {isa = PBXFileReference; lastKnownFileType = sourcecode.swift; path = ViewController.swift; sourceTree = "<group>"; };
		33E970B219E4BCFF00F9CB43 /* Base */ = {isa = PBXFileReference; lastKnownFileType = file.storyboard; name = Base; path = Base.lproj/Main.storyboard; sourceTree = "<group>"; };
		33E970B419E4BCFF00F9CB43 /* Images.xcassets */ = {isa = PBXFileReference; lastKnownFileType = folder.assetcatalog; path = Images.xcassets; sourceTree = "<group>"; };
		33E970B719E4BCFF00F9CB43 /* Base */ = {isa = PBXFileReference; lastKnownFileType = file.xib; name = Base; path = Base.lproj/LaunchScreen.xib; sourceTree = "<group>"; };
		33E970BD19E4BCFF00F9CB43 /* SwiftMapControlsProgTests.xctest */ = {isa = PBXFileReference; explicitFileType = wrapper.cfbundle; includeInIndex = 0; path = SwiftMapControlsProgTests.xctest; sourceTree = BUILT_PRODUCTS_DIR; };
		33E970C219E4BCFF00F9CB43 /* Info.plist */ = {isa = PBXFileReference; lastKnownFileType = text.plist.xml; path = Info.plist; sourceTree = "<group>"; };
		33E970C319E4BCFF00F9CB43 /* SwiftMapControlsProgTests.swift */ = {isa = PBXFileReference; lastKnownFileType = sourcecode.swift; path = SwiftMapControlsProgTests.swift; sourceTree = "<group>"; };
/* End PBXFileReference section */

/* Begin PBXFrameworksBuildPhase section */
		33E970A519E4BCFF00F9CB43 /* Frameworks */ = {
			isa = PBXFrameworksBuildPhase;
			buildActionMask = 2147483647;
			files = (
			);
			runOnlyForDeploymentPostprocessing = 0;
		};
		33E970BA19E4BCFF00F9CB43 /* Frameworks */ = {
			isa = PBXFrameworksBuildPhase;
			buildActionMask = 2147483647;
			files = (
			);
			runOnlyForDeploymentPostprocessing = 0;
		};
/* End PBXFrameworksBuildPhase section */

/* Begin PBXGroup section */
		33E9709F19E4BCFF00F9CB43 = {
			isa = PBXGroup;
			children = (
				33E970AA19E4BCFF00F9CB43 /* SwiftMapControlsProg */,
				33E970C019E4BCFF00F9CB43 /* SwiftMapControlsProgTests */,
				33E970A919E4BCFF00F9CB43 /* Products */,
			);
			sourceTree = "<group>";
		};
		33E970A919E4BCFF00F9CB43 /* Products */ = {
			isa = PBXGroup;
			children = (
				33E970A819E4BCFF00F9CB43 /* SwiftMapControlsProg.app */,
				33E970BD19E4BCFF00F9CB43 /* SwiftMapControlsProgTests.xctest */,
			);
			name = Products;
			sourceTree = "<group>";
		};
		33E970AA19E4BCFF00F9CB43 /* SwiftMapControlsProg */ = {
			isa = PBXGroup;
			children = (
				33E970AD19E4BCFF00F9CB43 /* AppDelegate.swift */,
				33E970AF19E4BCFF00F9CB43 /* ViewController.swift */,
				33E970B119E4BCFF00F9CB43 /* Main.storyboard */,
				33E970B419E4BCFF00F9CB43 /* Images.xcassets */,
				33E970B619E4BCFF00F9CB43 /* LaunchScreen.xib */,
				33E970AB19E4BCFF00F9CB43 /* Supporting Files */,
			);
			path = SwiftMapControlsProg;
			sourceTree = "<group>";
		};
		33E970AB19E4BCFF00F9CB43 /* Supporting Files */ = {
			isa = PBXGroup;
			children = (
				33E970AC19E4BCFF00F9CB43 /* Info.plist */,
			);
			name = "Supporting Files";
			sourceTree = "<group>";
		};
		33E970C019E4BCFF00F9CB43 /* SwiftMapControlsProgTests */ = {
			isa = PBXGroup;
			children = (
				33E970C319E4BCFF00F9CB43 /* SwiftMapControlsProgTests.swift */,
				33E970C119E4BCFF00F9CB43 /* Supporting Files */,
			);
			path = SwiftMapControlsProgTests;
			sourceTree = "<group>";
		};
		33E970C119E4BCFF00F9CB43 /* Supporting Files */ = {
			isa = PBXGroup;
			children = (
				33E970C219E4BCFF00F9CB43 /* Info.plist */,
			);
			name = "Supporting Files";
			sourceTree = "<group>";
		};
/* End PBXGroup section */

/* Begin PBXNativeTarget section */
		33E970A719E4BCFF00F9CB43 /* SwiftMapControlsProg */ = {
			isa = PBXNativeTarget;
			buildConfigurationList = 33E970C719E4BCFF00F9CB43 /* Build configuration list for PBXNativeTarget "SwiftMapControlsProg" */;
			buildPhases = (
				33E970A419E4BCFF00F9CB43 /* Sources */,
				33E970A519E4BCFF00F9CB43 /* Frameworks */,
				33E970A619E4BCFF00F9CB43 /* Resources */,
			);
			buildRules = (
			);
			dependencies = (
			);
			name = SwiftMapControlsProg;
			productName = SwiftMapControlsProg;
			productReference = 33E970A819E4BCFF00F9CB43 /* SwiftMapControlsProg.app */;
			productType = "com.apple.product-type.application";
		};
		33E970BC19E4BCFF00F9CB43 /* SwiftMapControlsProgTests */ = {
			isa = PBXNativeTarget;
			buildConfigurationList = 33E970CA19E4BCFF00F9CB43 /* Build configuration list for PBXNativeTarget "SwiftMapControlsProgTests" */;
			buildPhases = (
				33E970B919E4BCFF00F9CB43 /* Sources */,
				33E970BA19E4BCFF00F9CB43 /* Frameworks */,
				33E970BB19E4BCFF00F9CB43 /* Resources */,
			);
			buildRules = (
			);
			dependencies = (
				33E970BF19E4BCFF00F9CB43 /* PBXTargetDependency */,
			);
			name = SwiftMapControlsProgTests;
			productName = SwiftMapControlsProgTests;
			productReference = 33E970BD19E4BCFF00F9CB43 /* SwiftMapControlsProgTests.xctest */;
			productType = "com.apple.product-type.bundle.unit-test";
		};
/* End PBXNativeTarget section */

/* Begin PBXProject section */
		33E970A019E4BCFF00F9CB43 /* Project object */ = {
			isa = PBXProject;
			attributes = {
				LastUpgradeCheck = 0600;
				ORGANIZATIONNAME = "Colin Mackenzie";
				TargetAttributes = {
					33E970A719E4BCFF00F9CB43 = {
						CreatedOnToolsVersion = 6.0;
					};
					33E970BC19E4BCFF00F9CB43 = {
						CreatedOnToolsVersion = 6.0;
						TestTargetID = 33E970A719E4BCFF00F9CB43;
					};
				};
			};
			buildConfigurationList = 33E970A319E4BCFF00F9CB43 /* Build configuration list for PBXProject "SwiftMapControlsProg" */;
			compatibilityVersion = "Xcode 3.2";
			developmentRegion = English;
			hasScannedForEncodings = 0;
			knownRegions = (
				en,
				Base,
			);
			mainGroup = 33E9709F19E4BCFF00F9CB43;
			productRefGroup = 33E970A919E4BCFF00F9CB43 /* Products */;
			projectDirPath = "";
			projectRoot = "";
			targets = (
				33E970A719E4BCFF00F9CB43 /* SwiftMapControlsProg */,
				33E970BC19E4BCFF00F9CB43 /* SwiftMapControlsProgTests */,
			);
		};
/* End PBXProject section */

/* Begin PBXResourcesBuildPhase section */
		33E970A619E4BCFF00F9CB43 /* Resources */ = {
			isa = PBXResourcesBuildPhase;
			buildActionMask = 2147483647;
			files = (
				33E970B319E4BCFF00F9CB43 /* Main.storyboard in Resources */,
				33E970B819E4BCFF00F9CB43 /* LaunchScreen.xib in Resources */,
				33E970B519E4BCFF00F9CB43 /* Images.xcassets in Resources */,
			);
			runOnlyForDeploymentPostprocessing = 0;
		};
		33E970BB19E4BCFF00F9CB43 /* Resources */ = {
			isa = PBXResourcesBuildPhase;
			buildActionMask = 2147483647;
			files = (
			);
			runOnlyForDeploymentPostprocessing = 0;
		};
/* End PBXResourcesBuildPhase section */

/* Begin PBXSourcesBuildPhase section */
		33E970A419E4BCFF00F9CB43 /* Sources */ = {
			isa = PBXSourcesBuildPhase;
			buildActionMask = 2147483647;
			files = (
				33E970B019E4BCFF00F9CB43 /* ViewController.swift in Sources */,
				33E970AE19E4BCFF00F9CB43 /* AppDelegate.swift in Sources */,
			);
			runOnlyForDeploymentPostprocessing = 0;
		};
		33E970B919E4BCFF00F9CB43 /* Sources */ = {
			isa = PBXSourcesBuildPhase;
			buildActionMask = 2147483647;
			files = (
				33E970C419E4BCFF00F9CB43 /* SwiftMapControlsProgTests.swift in Sources */,
			);
			runOnlyForDeploymentPostprocessing = 0;
		};
/* End PBXSourcesBuildPhase section */

/* Begin PBXTargetDependency section */
		33E970BF19E4BCFF00F9CB43 /* PBXTargetDependency */ = {
			isa = PBXTargetDependency;
			target = 33E970A719E4BCFF00F9CB43 /* SwiftMapControlsProg */;
			targetProxy = 33E970BE19E4BCFF00F9CB43 /* PBXContainerItemProxy */;
		};
/* End PBXTargetDependency section */

/* Begin PBXVariantGroup section */
		33E970B119E4BCFF00F9CB43 /* Main.storyboard */ = {
			isa = PBXVariantGroup;
			children = (
				33E970B219E4BCFF00F9CB43 /* Base */,
			);
			name = Main.storyboard;
			sourceTree = "<group>";
		};
		33E970B619E4BCFF00F9CB43 /* LaunchScreen.xib */ = {
			isa = PBXVariantGroup;
			children = (
				33E970B719E4BCFF00F9CB43 /* Base */,
			);
			name = LaunchScreen.xib;
			sourceTree = "<group>";
		};
/* End PBXVariantGroup section */

/* Begin XCBuildConfiguration section */
		33E970C519E4BCFF00F9CB43 /* Debug */ = {
			isa = XCBuildConfiguration;
			buildSettings = {
				ALWAYS_SEARCH_USER_PATHS = NO;
				CLANG_CXX_LANGUAGE_STANDARD = "gnu++0x";
				CLANG_CXX_LIBRARY = "libc++";
				CLANG_ENABLE_MODULES = YES;
				CLANG_ENABLE_OBJC_ARC = YES;
				CLANG_WARN_BOOL_CONVERSION = YES;
				CLANG_WARN_CONSTANT_CONVERSION = YES;
				CLANG_WARN_DIRECT_OBJC_ISA_USAGE = YES_ERROR;
				CLANG_WARN_EMPTY_BODY = YES;
				CLANG_WARN_ENUM_CONVERSION = YES;
				CLANG_WARN_INT_CONVERSION = YES;
				CLANG_WARN_OBJC_ROOT_CLASS = YES_ERROR;
				CLANG_WARN_UNREACHABLE_CODE = YES;
				CLANG_WARN__DUPLICATE_METHOD_MATCH = YES;
				"CODE_SIGN_IDENTITY[sdk=iphoneos*]" = "iPhone Developer";
				COPY_PHASE_STRIP = NO;
				ENABLE_STRICT_OBJC_MSGSEND = YES;
				GCC_C_LANGUAGE_STANDARD = gnu99;
				GCC_DYNAMIC_NO_PIC = NO;
				GCC_OPTIMIZATION_LEVEL = 0;
				GCC_PREPROCESSOR_DEFINITIONS = (
					"DEBUG=1",
					"$(inherited)",
				);
				GCC_SYMBOLS_PRIVATE_EXTERN = NO;
				GCC_WARN_64_TO_32_BIT_CONVERSION = YES;
				GCC_WARN_ABOUT_RETURN_TYPE = YES_ERROR;
				GCC_WARN_UNDECLARED_SELECTOR = YES;
				GCC_WARN_UNINITIALIZED_AUTOS = YES_AGGRESSIVE;
				GCC_WARN_UNUSED_FUNCTION = YES;
				GCC_WARN_UNUSED_VARIABLE = YES;
				IPHONEOS_DEPLOYMENT_TARGET = 8.0;
				MTL_ENABLE_DEBUG_INFO = YES;
				ONLY_ACTIVE_ARCH = YES;
				SDKROOT = iphoneos;
				SWIFT_OPTIMIZATION_LEVEL = "-Onone";
				TARGETED_DEVICE_FAMILY = "1,2";
			};
			name = Debug;
		};
		33E970C619E4BCFF00F9CB43 /* Release */ = {
			isa = XCBuildConfiguration;
			buildSettings = {
				ALWAYS_SEARCH_USER_PATHS = NO;
				CLANG_CXX_LANGUAGE_STANDARD = "gnu++0x";
				CLANG_CXX_LIBRARY = "libc++";
				CLANG_ENABLE_MODULES = YES;
				CLANG_ENABLE_OBJC_ARC = YES;
				CLANG_WARN_BOOL_CONVERSION = YES;
				CLANG_WARN_CONSTANT_CONVERSION = YES;
				CLANG_WARN_DIRECT_OBJC_ISA_USAGE = YES_ERROR;
				CLANG_WARN_EMPTY_BODY = YES;
				CLANG_WARN_ENUM_CONVERSION = YES;
				CLANG_WARN_INT_CONVERSION = YES;
				CLANG_WARN_OBJC_ROOT_CLASS = YES_ERROR;
				CLANG_WARN_UNREACHABLE_CODE = YES;
				CLANG_WARN__DUPLICATE_METHOD_MATCH = YES;
				"CODE_SIGN_IDENTITY[sdk=iphoneos*]" = "iPhone Developer";
				COPY_PHASE_STRIP = YES;
				ENABLE_NS_ASSERTIONS = NO;
				ENABLE_STRICT_OBJC_MSGSEND = YES;
				GCC_C_LANGUAGE_STANDARD = gnu99;
				GCC_WARN_64_TO_32_BIT_CONVERSION = YES;
				GCC_WARN_ABOUT_RETURN_TYPE = YES_ERROR;
				GCC_WARN_UNDECLARED_SELECTOR = YES;
				GCC_WARN_UNINITIALIZED_AUTOS = YES_AGGRESSIVE;
				GCC_WARN_UNUSED_FUNCTION = YES;
				GCC_WARN_UNUSED_VARIABLE = YES;
				IPHONEOS_DEPLOYMENT_TARGET = 8.0;
				MTL_ENABLE_DEBUG_INFO = NO;
				SDKROOT = iphoneos;
				TARGETED_DEVICE_FAMILY = "1,2";
				VALIDATE_PRODUCT = YES;
			};
			name = Release;
		};
		33E970C819E4BCFF00F9CB43 /* Debug */ = {
			isa = XCBuildConfiguration;
			buildSettings = {
				ASSETCATALOG_COMPILER_APPICON_NAME = AppIcon;
				INFOPLIST_FILE = SwiftMapControlsProg/Info.plist;
				LD_RUNPATH_SEARCH_PATHS = "$(inherited) @executable_path/Frameworks";
				PRODUCT_NAME = "$(TARGET_NAME)";
			};
			name = Debug;
		};
		33E970C919E4BCFF00F9CB43 /* Release */ = {
			isa = XCBuildConfiguration;
			buildSettings = {
				ASSETCATALOG_COMPILER_APPICON_NAME = AppIcon;
				INFOPLIST_FILE = SwiftMapControlsProg/Info.plist;
				LD_RUNPATH_SEARCH_PATHS = "$(inherited) @executable_path/Frameworks";
				PRODUCT_NAME = "$(TARGET_NAME)";
			};
			name = Release;
		};
		33E970CB19E4BCFF00F9CB43 /* Debug */ = {
			isa = XCBuildConfiguration;
			buildSettings = {
				BUNDLE_LOADER = "$(TEST_HOST)";
				FRAMEWORK_SEARCH_PATHS = (
					"$(SDKROOT)/Developer/Library/Frameworks",
					"$(inherited)",
				);
				GCC_PREPROCESSOR_DEFINITIONS = (
					"DEBUG=1",
					"$(inherited)",
				);
				INFOPLIST_FILE = SwiftMapControlsProgTests/Info.plist;
				LD_RUNPATH_SEARCH_PATHS = "$(inherited) @executable_path/Frameworks @loader_path/Frameworks";
				PRODUCT_NAME = "$(TARGET_NAME)";
				TEST_HOST = "$(BUILT_PRODUCTS_DIR)/SwiftMapControlsProg.app/SwiftMapControlsProg";
			};
			name = Debug;
		};
		33E970CC19E4BCFF00F9CB43 /* Release */ = {
			isa = XCBuildConfiguration;
			buildSettings = {
				BUNDLE_LOADER = "$(TEST_HOST)";
				FRAMEWORK_SEARCH_PATHS = (
					"$(SDKROOT)/Developer/Library/Frameworks",
					"$(inherited)",
				);
				INFOPLIST_FILE = SwiftMapControlsProgTests/Info.plist;
				LD_RUNPATH_SEARCH_PATHS = "$(inherited) @executable_path/Frameworks @loader_path/Frameworks";
				PRODUCT_NAME = "$(TARGET_NAME)";
				TEST_HOST = "$(BUILT_PRODUCTS_DIR)/SwiftMapControlsProg.app/SwiftMapControlsProg";
			};
			name = Release;
		};
/* End XCBuildConfiguration section */

/* Begin XCConfigurationList section */
		33E970A319E4BCFF00F9CB43 /* Build configuration list for PBXProject "SwiftMapControlsProg" */ = {
			isa = XCConfigurationList;
			buildConfigurations = (
				33E970C519E4BCFF00F9CB43 /* Debug */,
				33E970C619E4BCFF00F9CB43 /* Release */,
			);
			defaultConfigurationIsVisible = 0;
			defaultConfigurationName = Release;
		};
		33E970C719E4BCFF00F9CB43 /* Build configuration list for PBXNativeTarget "SwiftMapControlsProg" */ = {
			isa = XCConfigurationList;
			buildConfigurations = (
				33E970C819E4BCFF00F9CB43 /* Debug */,
				33E970C919E4BCFF00F9CB43 /* Release */,
			);
			defaultConfigurationIsVisible = 0;
		};
		33E970CA19E4BCFF00F9CB43 /* Build configuration list for PBXNativeTarget "SwiftMapControlsProgTests" */ = {
			isa = XCConfigurationList;
			buildConfigurations = (
				33E970CB19E4BCFF00F9CB43 /* Debug */,
				33E970CC19E4BCFF00F9CB43 /* Release */,
			);
			defaultConfigurationIsVisible = 0;
		};
/* End XCConfigurationList section */
	};
	rootObject = 33E970A019E4BCFF00F9CB43 /* Project object */;
}
